
Microsoft Visual Studio Solution File, Format Version 12.00
# Visual Studio Version 16
VisualStudioVersion = 16.0.31019.35
MinimumVisualStudioVersion = 10.0.40219.1
Project("{FAE04EC0-301F-11D3-BF4B-00C04F79EFBC}") = "Calculadora", "Calculadora\Calculadora.csproj", "{213D998A-6DFA-42D4-830A-CAA0A30CE4D1}"
EndProject
Global
	GlobalSection(SolutionConfigurationPlatforms) = preSolution
		Debug|Any CPU = Debug|Any CPU
		Release|Any CPU = Release|Any CPU
	EndGlobalSection
	GlobalSection(ProjectConfigurationPlatforms) = postSolution
		{213D998A-6DFA-42D4-830A-CAA0A30CE4D1}.Debug|Any CPU.ActiveCfg = Debug|Any CPU
		{213D998A-6DFA-42D4-830A-CAA0A30CE4D1}.Debug|Any CPU.Build.0 = Debug|Any CPU
		{213D998A-6DFA-42D4-830A-CAA0A30CE4D1}.Release|Any CPU.ActiveCfg = Release|Any CPU
		{213D998A-6DFA-42D4-830A-CAA0A30CE4D1}.Release|Any CPU.Build.0 = Release|Any CPU
	EndGlobalSection
	GlobalSection(SolutionProperties) = preSolution
		HideSolutionNode = FALSE
	EndGlobalSection
	GlobalSection(ExtensibilityGlobals) = postSolution
		SolutionGuid = {490A6632-2E9D-420B-8E1A-FEA03C82ED3F}
	EndGlobalSection
EndGlobal
